// !$*UTF8*$!
{
	archiveVersion = 1;
	classes = {
	};
	objectVersion = 56;
	objects = {

/* Begin PBXBuildFile section */
		0216581A2B543395009EAF77 /* Localizable.xcstrings in Resources */ = {isa = PBXBuildFile; fileRef = 021658192B543395009EAF77 /* Localizable.xcstrings */; };
		024C4E052B52D32D00032346 /* RepsCountApp.swift in Sources */ = {isa = PBXBuildFile; fileRef = 024C4E042B52D32D00032346 /* RepsCountApp.swift */; };
		024C4E072B52D32D00032346 /* ContentView.swift in Sources */ = {isa = PBXBuildFile; fileRef = 024C4E062B52D32D00032346 /* ContentView.swift */; };
		024C4E092B52D32E00032346 /* Assets.xcassets in Resources */ = {isa = PBXBuildFile; fileRef = 024C4E082B52D32E00032346 /* Assets.xcassets */; };
		024C4E0C2B52D32E00032346 /* Preview Assets.xcassets in Resources */ = {isa = PBXBuildFile; fileRef = 024C4E0B2B52D32E00032346 /* Preview Assets.xcassets */; };
		024C4E0E2B52D32E00032346 /* Persistence.swift in Sources */ = {isa = PBXBuildFile; fileRef = 024C4E0D2B52D32E00032346 /* Persistence.swift */; };
		024C4E112B52D32E00032346 /* RepsCount.xcdatamodeld in Sources */ = {isa = PBXBuildFile; fileRef = 024C4E0F2B52D32E00032346 /* RepsCount.xcdatamodeld */; };
		024C4E1A2B52D4F200032346 /* WorkoutView.swift in Sources */ = {isa = PBXBuildFile; fileRef = 024C4E192B52D4F200032346 /* WorkoutView.swift */; };
		024C4E1C2B53112A00032346 /* Extensions.swift in Sources */ = {isa = PBXBuildFile; fileRef = 024C4E1B2B53112A00032346 /* Extensions.swift */; };
		025573422B5BA5E2001DF4B6 /* LaunchScreen.storyboard in Resources */ = {isa = PBXBuildFile; fileRef = 025573412B5BA5E2001DF4B6 /* LaunchScreen.storyboard */; };
		025573442B5D8EF3001DF4B6 /* View+Extension.swift in Sources */ = {isa = PBXBuildFile; fileRef = 025573432B5D8EF3001DF4B6 /* View+Extension.swift */; };
		025F49D32B6501C200C571FF /* LocationManager.swift in Sources */ = {isa = PBXBuildFile; fileRef = 025F49D22B6501C200C571FF /* LocationManager.swift */; };
		025F49D52B65604000C571FF /* DatePickerView.swift in Sources */ = {isa = PBXBuildFile; fileRef = 025F49D42B65604000C571FF /* DatePickerView.swift */; };
		02FC1F4D2B656090008F5D8D /* CustomDatePicker.swift in Sources */ = {isa = PBXBuildFile; fileRef = 02FC1F4C2B656090008F5D8D /* CustomDatePicker.swift */; };
		02FC1F4F2B6561D2008F5D8D /* ChildSizeReader.swift in Sources */ = {isa = PBXBuildFile; fileRef = 02FC1F4E2B6561D2008F5D8D /* ChildSizeReader.swift */; };
		02FC1F542B664E02008F5D8D /* SettingsView.swift in Sources */ = {isa = PBXBuildFile; fileRef = 02FC1F532B664E02008F5D8D /* SettingsView.swift */; };
		02FC1F572B6653B9008F5D8D /* TabViewScreen.swift in Sources */ = {isa = PBXBuildFile; fileRef = 02FC1F562B6653B9008F5D8D /* TabViewScreen.swift */; };
		02FC1F592B665FAE008F5D8D /* MeasurementUnit.swift in Sources */ = {isa = PBXBuildFile; fileRef = 02FC1F582B665FAE008F5D8D /* MeasurementUnit.swift */; };
		02FC1F5B2B6668FB008F5D8D /* GlobalConstants.swift in Sources */ = {isa = PBXBuildFile; fileRef = 02FC1F5A2B6668FB008F5D8D /* GlobalConstants.swift */; };
		02FC1F5D2B666939008F5D8D /* String+Ext.swift in Sources */ = {isa = PBXBuildFile; fileRef = 02FC1F5C2B666939008F5D8D /* String+Ext.swift */; };
/* End PBXBuildFile section */

/* Begin PBXFileReference section */
		021658192B543395009EAF77 /* Localizable.xcstrings */ = {isa = PBXFileReference; lastKnownFileType = text.json.xcstrings; path = Localizable.xcstrings; sourceTree = "<group>"; };
		024C4E012B52D32D00032346 /* RepsCount.app */ = {isa = PBXFileReference; explicitFileType = wrapper.application; includeInIndex = 0; path = RepsCount.app; sourceTree = BUILT_PRODUCTS_DIR; };
		024C4E042B52D32D00032346 /* RepsCountApp.swift */ = {isa = PBXFileReference; lastKnownFileType = sourcecode.swift; path = RepsCountApp.swift; sourceTree = "<group>"; };
		024C4E062B52D32D00032346 /* ContentView.swift */ = {isa = PBXFileReference; lastKnownFileType = sourcecode.swift; path = ContentView.swift; sourceTree = "<group>"; };
		024C4E082B52D32E00032346 /* Assets.xcassets */ = {isa = PBXFileReference; lastKnownFileType = folder.assetcatalog; path = Assets.xcassets; sourceTree = "<group>"; };
		024C4E0B2B52D32E00032346 /* Preview Assets.xcassets */ = {isa = PBXFileReference; lastKnownFileType = folder.assetcatalog; path = "Preview Assets.xcassets"; sourceTree = "<group>"; };
		024C4E0D2B52D32E00032346 /* Persistence.swift */ = {isa = PBXFileReference; lastKnownFileType = sourcecode.swift; path = Persistence.swift; sourceTree = "<group>"; };
		024C4E102B52D32E00032346 /* PullUpsCounter.xcdatamodel */ = {isa = PBXFileReference; lastKnownFileType = wrapper.xcdatamodel; path = PullUpsCounter.xcdatamodel; sourceTree = "<group>"; };
		024C4E122B52D32E00032346 /* RepsCount.entitlements */ = {isa = PBXFileReference; lastKnownFileType = text.plist.entitlements; path = RepsCount.entitlements; sourceTree = "<group>"; };
		024C4E132B52D32E00032346 /* Info.plist */ = {isa = PBXFileReference; lastKnownFileType = text.plist.xml; path = Info.plist; sourceTree = "<group>"; };
		024C4E192B52D4F200032346 /* WorkoutView.swift */ = {isa = PBXFileReference; lastKnownFileType = sourcecode.swift; path = WorkoutView.swift; sourceTree = "<group>"; };
		024C4E1B2B53112A00032346 /* Extensions.swift */ = {isa = PBXFileReference; lastKnownFileType = sourcecode.swift; path = Extensions.swift; sourceTree = "<group>"; };
		025573412B5BA5E2001DF4B6 /* LaunchScreen.storyboard */ = {isa = PBXFileReference; lastKnownFileType = file.storyboard; path = LaunchScreen.storyboard; sourceTree = "<group>"; };
		025573432B5D8EF3001DF4B6 /* View+Extension.swift */ = {isa = PBXFileReference; lastKnownFileType = sourcecode.swift; path = "View+Extension.swift"; sourceTree = "<group>"; };
		025F49D22B6501C200C571FF /* LocationManager.swift */ = {isa = PBXFileReference; lastKnownFileType = sourcecode.swift; path = LocationManager.swift; sourceTree = "<group>"; };
		025F49D42B65604000C571FF /* DatePickerView.swift */ = {isa = PBXFileReference; lastKnownFileType = sourcecode.swift; path = DatePickerView.swift; sourceTree = "<group>"; };
		02FC1F4C2B656090008F5D8D /* CustomDatePicker.swift */ = {isa = PBXFileReference; lastKnownFileType = sourcecode.swift; path = CustomDatePicker.swift; sourceTree = "<group>"; };
		02FC1F4E2B6561D2008F5D8D /* ChildSizeReader.swift */ = {isa = PBXFileReference; lastKnownFileType = sourcecode.swift; path = ChildSizeReader.swift; sourceTree = "<group>"; };
		02FC1F532B664E02008F5D8D /* SettingsView.swift */ = {isa = PBXFileReference; lastKnownFileType = sourcecode.swift; path = SettingsView.swift; sourceTree = "<group>"; };
		02FC1F562B6653B9008F5D8D /* TabViewScreen.swift */ = {isa = PBXFileReference; lastKnownFileType = sourcecode.swift; path = TabViewScreen.swift; sourceTree = "<group>"; };
		02FC1F582B665FAE008F5D8D /* MeasurementUnit.swift */ = {isa = PBXFileReference; lastKnownFileType = sourcecode.swift; path = MeasurementUnit.swift; sourceTree = "<group>"; };
		02FC1F5A2B6668FB008F5D8D /* GlobalConstants.swift */ = {isa = PBXFileReference; lastKnownFileType = sourcecode.swift; path = GlobalConstants.swift; sourceTree = "<group>"; };
		02FC1F5C2B666939008F5D8D /* String+Ext.swift */ = {isa = PBXFileReference; lastKnownFileType = sourcecode.swift; path = "String+Ext.swift"; sourceTree = "<group>"; };
/* End PBXFileReference section */

/* Begin PBXFrameworksBuildPhase section */
		024C4DFE2B52D32D00032346 /* Frameworks */ = {
			isa = PBXFrameworksBuildPhase;
			buildActionMask = 2147483647;
			files = (
			);
			runOnlyForDeploymentPostprocessing = 0;
		};
/* End PBXFrameworksBuildPhase section */

/* Begin PBXGroup section */
		024C4DF82B52D32D00032346 = {
			isa = PBXGroup;
			children = (
				024C4E032B52D32D00032346 /* RepsCount */,
				024C4E022B52D32D00032346 /* Products */,
			);
			sourceTree = "<group>";
		};
		024C4E022B52D32D00032346 /* Products */ = {
			isa = PBXGroup;
			children = (
				024C4E012B52D32D00032346 /* RepsCount.app */,
			);
			name = Products;
			sourceTree = "<group>";
		};
		024C4E032B52D32D00032346 /* RepsCount */ = {
			isa = PBXGroup;
			children = (
				024C4E042B52D32D00032346 /* RepsCountApp.swift */,
				024C4E1D2B53F32D00032346 /* Resources */,
				02FC1F502B664DD2008F5D8D /* UI */,
				024C4E1B2B53112A00032346 /* Extensions.swift */,
				024C4E0D2B52D32E00032346 /* Persistence.swift */,
				025573432B5D8EF3001DF4B6 /* View+Extension.swift */,
				025F49D22B6501C200C571FF /* LocationManager.swift */,
				025F49D42B65604000C571FF /* DatePickerView.swift */,
				02FC1F4C2B656090008F5D8D /* CustomDatePicker.swift */,
				02FC1F4E2B6561D2008F5D8D /* ChildSizeReader.swift */,
				02FC1F582B665FAE008F5D8D /* MeasurementUnit.swift */,
				02FC1F5A2B6668FB008F5D8D /* GlobalConstants.swift */,
				02FC1F5C2B666939008F5D8D /* String+Ext.swift */,
				025573412B5BA5E2001DF4B6 /* LaunchScreen.storyboard */,
				024C4E122B52D32E00032346 /* RepsCount.entitlements */,
				024C4E132B52D32E00032346 /* Info.plist */,
				024C4E0F2B52D32E00032346 /* RepsCount.xcdatamodeld */,
				024C4E0A2B52D32E00032346 /* Preview Content */,
			);
			path = RepsCount;
			sourceTree = "<group>";
		};
		024C4E0A2B52D32E00032346 /* Preview Content */ = {
			isa = PBXGroup;
			children = (
				024C4E0B2B52D32E00032346 /* Preview Assets.xcassets */,
			);
			path = "Preview Content";
			sourceTree = "<group>";
		};
		024C4E1D2B53F32D00032346 /* Resources */ = {
			isa = PBXGroup;
			children = (
				024C4E082B52D32E00032346 /* Assets.xcassets */,
				021658192B543395009EAF77 /* Localizable.xcstrings */,
			);
			path = Resources;
			sourceTree = "<group>";
		};
		02FC1F502B664DD2008F5D8D /* UI */ = {
			isa = PBXGroup;
			children = (
				02FC1F552B6653A3008F5D8D /* TabView */,
				02FC1F522B664DE4008F5D8D /* SettingsScreen */,
				02FC1F512B664DD9008F5D8D /* ExercisesScreen */,
			);
			path = UI;
			sourceTree = "<group>";
		};
		02FC1F512B664DD9008F5D8D /* ExercisesScreen */ = {
			isa = PBXGroup;
			children = (
				024C4E062B52D32D00032346 /* ContentView.swift */,
				024C4E192B52D4F200032346 /* WorkoutView.swift */,
			);
			path = ExercisesScreen;
			sourceTree = "<group>";
		};
		02FC1F522B664DE4008F5D8D /* SettingsScreen */ = {
			isa = PBXGroup;
			children = (
				02FC1F532B664E02008F5D8D /* SettingsView.swift */,
			);
			path = SettingsScreen;
			sourceTree = "<group>";
		};
		02FC1F552B6653A3008F5D8D /* TabView */ = {
			isa = PBXGroup;
			children = (
				02FC1F562B6653B9008F5D8D /* TabViewScreen.swift */,
			);
			path = TabView;
			sourceTree = "<group>";
		};
/* End PBXGroup section */

/* Begin PBXNativeTarget section */
		024C4E002B52D32D00032346 /* RepsCount */ = {
			isa = PBXNativeTarget;
			buildConfigurationList = 024C4E162B52D32E00032346 /* Build configuration list for PBXNativeTarget "RepsCount" */;
			buildPhases = (
				024C4DFD2B52D32D00032346 /* Sources */,
				024C4DFE2B52D32D00032346 /* Frameworks */,
				024C4DFF2B52D32D00032346 /* Resources */,
			);
			buildRules = (
			);
			dependencies = (
			);
			name = RepsCount;
			productName = PullUpsCounter;
			productReference = 024C4E012B52D32D00032346 /* RepsCount.app */;
			productType = "com.apple.product-type.application";
		};
/* End PBXNativeTarget section */

/* Begin PBXProject section */
		024C4DF92B52D32D00032346 /* Project object */ = {
			isa = PBXProject;
			attributes = {
				BuildIndependentTargetsInParallel = 1;
				LastSwiftUpdateCheck = 1510;
				LastUpgradeCheck = 1510;
				TargetAttributes = {
					024C4E002B52D32D00032346 = {
						CreatedOnToolsVersion = 15.1;
					};
				};
			};
			buildConfigurationList = 024C4DFC2B52D32D00032346 /* Build configuration list for PBXProject "RepsCount" */;
			compatibilityVersion = "Xcode 14.0";
			developmentRegion = en;
			hasScannedForEncodings = 0;
			knownRegions = (
				en,
				Base,
				ru,
				"sr-Latn",
			);
			mainGroup = 024C4DF82B52D32D00032346;
			productRefGroup = 024C4E022B52D32D00032346 /* Products */;
			projectDirPath = "";
			projectRoot = "";
			targets = (
				024C4E002B52D32D00032346 /* RepsCount */,
			);
		};
/* End PBXProject section */

/* Begin PBXResourcesBuildPhase section */
		024C4DFF2B52D32D00032346 /* Resources */ = {
			isa = PBXResourcesBuildPhase;
			buildActionMask = 2147483647;
			files = (
				024C4E0C2B52D32E00032346 /* Preview Assets.xcassets in Resources */,
				025573422B5BA5E2001DF4B6 /* LaunchScreen.storyboard in Resources */,
				0216581A2B543395009EAF77 /* Localizable.xcstrings in Resources */,
				024C4E092B52D32E00032346 /* Assets.xcassets in Resources */,
			);
			runOnlyForDeploymentPostprocessing = 0;
		};
/* End PBXResourcesBuildPhase section */

/* Begin PBXSourcesBuildPhase section */
		024C4DFD2B52D32D00032346 /* Sources */ = {
			isa = PBXSourcesBuildPhase;
			buildActionMask = 2147483647;
			files = (
				02FC1F4D2B656090008F5D8D /* CustomDatePicker.swift in Sources */,
				024C4E112B52D32E00032346 /* RepsCount.xcdatamodeld in Sources */,
				024C4E1C2B53112A00032346 /* Extensions.swift in Sources */,
				024C4E0E2B52D32E00032346 /* Persistence.swift in Sources */,
				025F49D52B65604000C571FF /* DatePickerView.swift in Sources */,
				024C4E072B52D32D00032346 /* ContentView.swift in Sources */,
				02FC1F572B6653B9008F5D8D /* TabViewScreen.swift in Sources */,
				02FC1F5B2B6668FB008F5D8D /* GlobalConstants.swift in Sources */,
				025F49D32B6501C200C571FF /* LocationManager.swift in Sources */,
				02FC1F592B665FAE008F5D8D /* MeasurementUnit.swift in Sources */,
				02FC1F4F2B6561D2008F5D8D /* ChildSizeReader.swift in Sources */,
				024C4E052B52D32D00032346 /* RepsCountApp.swift in Sources */,
				02FC1F542B664E02008F5D8D /* SettingsView.swift in Sources */,
				025573442B5D8EF3001DF4B6 /* View+Extension.swift in Sources */,
				02FC1F5D2B666939008F5D8D /* String+Ext.swift in Sources */,
				024C4E1A2B52D4F200032346 /* WorkoutView.swift in Sources */,
			);
			runOnlyForDeploymentPostprocessing = 0;
		};
/* End PBXSourcesBuildPhase section */

/* Begin XCBuildConfiguration section */
		024C4E142B52D32E00032346 /* Debug */ = {
			isa = XCBuildConfiguration;
			buildSettings = {
				ALWAYS_SEARCH_USER_PATHS = NO;
				ASSETCATALOG_COMPILER_GENERATE_SWIFT_ASSET_SYMBOL_EXTENSIONS = YES;
				CLANG_ANALYZER_NONNULL = YES;
				CLANG_ANALYZER_NUMBER_OBJECT_CONVERSION = YES_AGGRESSIVE;
				CLANG_CXX_LANGUAGE_STANDARD = "gnu++20";
				CLANG_ENABLE_MODULES = YES;
				CLANG_ENABLE_OBJC_ARC = YES;
				CLANG_ENABLE_OBJC_WEAK = YES;
				CLANG_WARN_BLOCK_CAPTURE_AUTORELEASING = YES;
				CLANG_WARN_BOOL_CONVERSION = YES;
				CLANG_WARN_COMMA = YES;
				CLANG_WARN_CONSTANT_CONVERSION = YES;
				CLANG_WARN_DEPRECATED_OBJC_IMPLEMENTATIONS = YES;
				CLANG_WARN_DIRECT_OBJC_ISA_USAGE = YES_ERROR;
				CLANG_WARN_DOCUMENTATION_COMMENTS = YES;
				CLANG_WARN_EMPTY_BODY = YES;
				CLANG_WARN_ENUM_CONVERSION = YES;
				CLANG_WARN_INFINITE_RECURSION = YES;
				CLANG_WARN_INT_CONVERSION = YES;
				CLANG_WARN_NON_LITERAL_NULL_CONVERSION = YES;
				CLANG_WARN_OBJC_IMPLICIT_RETAIN_SELF = YES;
				CLANG_WARN_OBJC_LITERAL_CONVERSION = YES;
				CLANG_WARN_OBJC_ROOT_CLASS = YES_ERROR;
				CLANG_WARN_QUOTED_INCLUDE_IN_FRAMEWORK_HEADER = YES;
				CLANG_WARN_RANGE_LOOP_ANALYSIS = YES;
				CLANG_WARN_STRICT_PROTOTYPES = YES;
				CLANG_WARN_SUSPICIOUS_MOVE = YES;
				CLANG_WARN_UNGUARDED_AVAILABILITY = YES_AGGRESSIVE;
				CLANG_WARN_UNREACHABLE_CODE = YES;
				CLANG_WARN__DUPLICATE_METHOD_MATCH = YES;
				COPY_PHASE_STRIP = NO;
				DEBUG_INFORMATION_FORMAT = dwarf;
				ENABLE_STRICT_OBJC_MSGSEND = YES;
				ENABLE_TESTABILITY = YES;
				ENABLE_USER_SCRIPT_SANDBOXING = NO;
				GCC_C_LANGUAGE_STANDARD = gnu17;
				GCC_DYNAMIC_NO_PIC = NO;
				GCC_NO_COMMON_BLOCKS = YES;
				GCC_OPTIMIZATION_LEVEL = 0;
				GCC_PREPROCESSOR_DEFINITIONS = (
					"DEBUG=1",
					"$(inherited)",
				);
				GCC_WARN_64_TO_32_BIT_CONVERSION = YES;
				GCC_WARN_ABOUT_RETURN_TYPE = YES_ERROR;
				GCC_WARN_UNDECLARED_SELECTOR = YES;
				GCC_WARN_UNINITIALIZED_AUTOS = YES_AGGRESSIVE;
				GCC_WARN_UNUSED_FUNCTION = YES;
				GCC_WARN_UNUSED_VARIABLE = YES;
				IPHONEOS_DEPLOYMENT_TARGET = 17.2;
				LOCALIZATION_PREFERS_STRING_CATALOGS = YES;
				MTL_ENABLE_DEBUG_INFO = INCLUDE_SOURCE;
				MTL_FAST_MATH = YES;
				ONLY_ACTIVE_ARCH = YES;
				SDKROOT = iphoneos;
				SWIFT_ACTIVE_COMPILATION_CONDITIONS = "DEBUG $(inherited)";
				SWIFT_OPTIMIZATION_LEVEL = "-Onone";
			};
			name = Debug;
		};
		024C4E152B52D32E00032346 /* Release */ = {
			isa = XCBuildConfiguration;
			buildSettings = {
				ALWAYS_SEARCH_USER_PATHS = NO;
				ASSETCATALOG_COMPILER_GENERATE_SWIFT_ASSET_SYMBOL_EXTENSIONS = YES;
				CLANG_ANALYZER_NONNULL = YES;
				CLANG_ANALYZER_NUMBER_OBJECT_CONVERSION = YES_AGGRESSIVE;
				CLANG_CXX_LANGUAGE_STANDARD = "gnu++20";
				CLANG_ENABLE_MODULES = YES;
				CLANG_ENABLE_OBJC_ARC = YES;
				CLANG_ENABLE_OBJC_WEAK = YES;
				CLANG_WARN_BLOCK_CAPTURE_AUTORELEASING = YES;
				CLANG_WARN_BOOL_CONVERSION = YES;
				CLANG_WARN_COMMA = YES;
				CLANG_WARN_CONSTANT_CONVERSION = YES;
				CLANG_WARN_DEPRECATED_OBJC_IMPLEMENTATIONS = YES;
				CLANG_WARN_DIRECT_OBJC_ISA_USAGE = YES_ERROR;
				CLANG_WARN_DOCUMENTATION_COMMENTS = YES;
				CLANG_WARN_EMPTY_BODY = YES;
				CLANG_WARN_ENUM_CONVERSION = YES;
				CLANG_WARN_INFINITE_RECURSION = YES;
				CLANG_WARN_INT_CONVERSION = YES;
				CLANG_WARN_NON_LITERAL_NULL_CONVERSION = YES;
				CLANG_WARN_OBJC_IMPLICIT_RETAIN_SELF = YES;
				CLANG_WARN_OBJC_LITERAL_CONVERSION = YES;
				CLANG_WARN_OBJC_ROOT_CLASS = YES_ERROR;
				CLANG_WARN_QUOTED_INCLUDE_IN_FRAMEWORK_HEADER = YES;
				CLANG_WARN_RANGE_LOOP_ANALYSIS = YES;
				CLANG_WARN_STRICT_PROTOTYPES = YES;
				CLANG_WARN_SUSPICIOUS_MOVE = YES;
				CLANG_WARN_UNGUARDED_AVAILABILITY = YES_AGGRESSIVE;
				CLANG_WARN_UNREACHABLE_CODE = YES;
				CLANG_WARN__DUPLICATE_METHOD_MATCH = YES;
				COPY_PHASE_STRIP = NO;
				DEBUG_INFORMATION_FORMAT = "dwarf-with-dsym";
				ENABLE_NS_ASSERTIONS = NO;
				ENABLE_STRICT_OBJC_MSGSEND = YES;
				ENABLE_USER_SCRIPT_SANDBOXING = NO;
				GCC_C_LANGUAGE_STANDARD = gnu17;
				GCC_NO_COMMON_BLOCKS = YES;
				GCC_WARN_64_TO_32_BIT_CONVERSION = YES;
				GCC_WARN_ABOUT_RETURN_TYPE = YES_ERROR;
				GCC_WARN_UNDECLARED_SELECTOR = YES;
				GCC_WARN_UNINITIALIZED_AUTOS = YES_AGGRESSIVE;
				GCC_WARN_UNUSED_FUNCTION = YES;
				GCC_WARN_UNUSED_VARIABLE = YES;
				IPHONEOS_DEPLOYMENT_TARGET = 17.2;
				LOCALIZATION_PREFERS_STRING_CATALOGS = YES;
				MTL_ENABLE_DEBUG_INFO = NO;
				MTL_FAST_MATH = YES;
				SDKROOT = iphoneos;
				SWIFT_COMPILATION_MODE = wholemodule;
				VALIDATE_PRODUCT = YES;
			};
			name = Release;
		};
		024C4E172B52D32E00032346 /* Debug */ = {
			isa = XCBuildConfiguration;
			buildSettings = {
				ASSETCATALOG_COMPILER_APPICON_NAME = AppIcon;
				ASSETCATALOG_COMPILER_GLOBAL_ACCENT_COLOR_NAME = AccentColor;
				ASSETCATALOG_COMPILER_INCLUDE_ALL_APPICON_ASSETS = YES;
				CODE_SIGN_ENTITLEMENTS = RepsCount/RepsCount.entitlements;
				CODE_SIGN_STYLE = Automatic;
				CURRENT_PROJECT_VERSION = 2;
				DEVELOPMENT_ASSET_PATHS = "\"RepsCount/Preview Content\"";
				DEVELOPMENT_TEAM = 69S862NXBP;
				ENABLE_PREVIEWS = YES;
				GENERATE_INFOPLIST_FILE = YES;
				INFOPLIST_FILE = RepsCount/Info.plist;
				INFOPLIST_KEY_CFBundleDisplayName = "Reps Counter";
				INFOPLIST_KEY_LSApplicationCategoryType = "public.app-category.sports";
				INFOPLIST_KEY_NSLocationWhenInUseUsageDescription = "That's only needed to save your exercise's location";
				INFOPLIST_KEY_UIApplicationSceneManifest_Generation = YES;
				INFOPLIST_KEY_UIApplicationSupportsIndirectInputEvents = YES;
				INFOPLIST_KEY_UILaunchScreen_Generation = YES;
				INFOPLIST_KEY_UILaunchStoryboardName = LaunchScreen.storyboard;
				INFOPLIST_KEY_UISupportedInterfaceOrientations = "UIInterfaceOrientationPortrait UIInterfaceOrientationPortraitUpsideDown";
				INFOPLIST_KEY_UISupportedInterfaceOrientations_iPad = "UIInterfaceOrientationLandscapeLeft UIInterfaceOrientationLandscapeRight UIInterfaceOrientationPortrait UIInterfaceOrientationPortraitUpsideDown";
				LD_RUNPATH_SEARCH_PATHS = (
					"$(inherited)",
					"@executable_path/Frameworks",
				);
				MARKETING_VERSION = 1.0;
				PRODUCT_BUNDLE_IDENTIFIER = "dor.reps-counter.app";
				PRODUCT_NAME = "$(TARGET_NAME)";
				SWIFT_EMIT_LOC_STRINGS = YES;
				SWIFT_VERSION = 5.0;
				TARGETED_DEVICE_FAMILY = "1,2";
			};
			name = Debug;
		};
		024C4E182B52D32E00032346 /* Release */ = {
			isa = XCBuildConfiguration;
			buildSettings = {
				ASSETCATALOG_COMPILER_APPICON_NAME = AppIcon;
				ASSETCATALOG_COMPILER_GLOBAL_ACCENT_COLOR_NAME = AccentColor;
				ASSETCATALOG_COMPILER_INCLUDE_ALL_APPICON_ASSETS = YES;
				CODE_SIGN_ENTITLEMENTS = RepsCount/RepsCount.entitlements;
				CODE_SIGN_STYLE = Automatic;
				CURRENT_PROJECT_VERSION = 2;
				DEVELOPMENT_ASSET_PATHS = "\"RepsCount/Preview Content\"";
				DEVELOPMENT_TEAM = 69S862NXBP;
				ENABLE_PREVIEWS = YES;
				GENERATE_INFOPLIST_FILE = YES;
				INFOPLIST_FILE = RepsCount/Info.plist;
				INFOPLIST_KEY_CFBundleDisplayName = "Reps Counter";
				INFOPLIST_KEY_LSApplicationCategoryType = "public.app-category.sports";
				INFOPLIST_KEY_NSLocationWhenInUseUsageDescription = "That's only needed to save your exercise's location";
				INFOPLIST_KEY_UIApplicationSceneManifest_Generation = YES;
				INFOPLIST_KEY_UIApplicationSupportsIndirectInputEvents = YES;
				INFOPLIST_KEY_UILaunchScreen_Generation = YES;
				INFOPLIST_KEY_UILaunchStoryboardName = LaunchScreen.storyboard;
				INFOPLIST_KEY_UISupportedInterfaceOrientations = "UIInterfaceOrientationPortrait UIInterfaceOrientationPortraitUpsideDown";
				INFOPLIST_KEY_UISupportedInterfaceOrientations_iPad = "UIInterfaceOrientationLandscapeLeft UIInterfaceOrientationLandscapeRight UIInterfaceOrientationPortrait UIInterfaceOrientationPortraitUpsideDown";
				LD_RUNPATH_SEARCH_PATHS = (
					"$(inherited)",
					"@executable_path/Frameworks",
				);
				MARKETING_VERSION = 1.0;
				PRODUCT_BUNDLE_IDENTIFIER = "dor.reps-counter.app";
				PRODUCT_NAME = "$(TARGET_NAME)";
				SWIFT_EMIT_LOC_STRINGS = YES;
				SWIFT_VERSION = 5.0;
				TARGETED_DEVICE_FAMILY = "1,2";
			};
			name = Release;
		};
/* End XCBuildConfiguration section */

/* Begin XCConfigurationList section */
		024C4DFC2B52D32D00032346 /* Build configuration list for PBXProject "RepsCount" */ = {
			isa = XCConfigurationList;
			buildConfigurations = (
				024C4E142B52D32E00032346 /* Debug */,
				024C4E152B52D32E00032346 /* Release */,
			);
			defaultConfigurationIsVisible = 0;
			defaultConfigurationName = Release;
		};
		024C4E162B52D32E00032346 /* Build configuration list for PBXNativeTarget "RepsCount" */ = {
			isa = XCConfigurationList;
			buildConfigurations = (
				024C4E172B52D32E00032346 /* Debug */,
				024C4E182B52D32E00032346 /* Release */,
			);
			defaultConfigurationIsVisible = 0;
			defaultConfigurationName = Release;
		};
/* End XCConfigurationList section */

/* Begin XCVersionGroup section */
		024C4E0F2B52D32E00032346 /* RepsCount.xcdatamodeld */ = {
			isa = XCVersionGroup;
			children = (
				024C4E102B52D32E00032346 /* PullUpsCounter.xcdatamodel */,
			);
			currentVersion = 024C4E102B52D32E00032346 /* PullUpsCounter.xcdatamodel */;
			path = RepsCount.xcdatamodeld;
			sourceTree = "<group>";
			versionGroupType = wrapper.xcdatamodel;
		};
/* End XCVersionGroup section */
	};
	rootObject = 024C4DF92B52D32D00032346 /* Project object */;
}
