{
  "originHash" : "d44006821ddfffb5e55f11d5de2a468c1fb70f1f1ac9cf9d23325b2b6a6b991d",
  "pins" : [
    {
      "identity" : "calendarview",
      "kind" : "remoteSourceControl",
      "location" : "https://github.com/Mijick/CalendarView",
      "state" : {
        "branch" : "main",
        "revision" : "6730960ae4921a2ad1b9e76505f9c36e27ba9946"
      }
    },
    {
      "identity" : "swinject",
      "kind" : "remoteSourceControl",
      "location" : "https://github.com/Swinject/Swinject",
      "state" : {
        "revision" : "be9dbcc7b86811bc131539a20c6f9c2d3e56919f",
        "version" : "2.9.1"
      }
    }
  ],
  "version" : 3
}
