// !$*UTF8*$!
{
	archiveVersion = 1;
	classes = {
	};
	objectVersion = 77;
	objects = {

/* Begin PBXBuildFile section */
		530C58C92E41FA2500D1639D /* RepsCountWatchApp.app in Embed Watch Content */ = {isa = PBXBuildFile; fileRef = 530C58BF2E41FA2400D1639D /* RepsCountWatchApp.app */; settings = {ATTRIBUTES = (RemoveHeadersOnCopy, ); }; };
		5374D5362E418F75002EEB84 /* FirebaseAnalyticsWithoutAdIdSupport in Frameworks */ = {isa = PBXBuildFile; productRef = 5374D5352E418F75002EEB84 /* FirebaseAnalyticsWithoutAdIdSupport */; };
		5374D5382E418F7C002EEB84 /* Flow in Frameworks */ = {isa = PBXBuildFile; productRef = 5374D5372E418F7C002EEB84 /* Flow */; };
		53F4CEAB2D8003CF004551D5 /* FirebaseCore in Frameworks */ = {isa = PBXBuildFile; productRef = 53F4CEAA2D8003CF004551D5 /* FirebaseCore */; };
		53F4CEAD2D8003CF004551D5 /* FirebaseCrashlytics in Frameworks */ = {isa = PBXBuildFile; productRef = 53F4CEAC2D8003CF004551D5 /* FirebaseCrashlytics */; };
		53F4CF2C2D8013A2004551D5 /* Swinject in Frameworks */ = {isa = PBXBuildFile; productRef = 53F4CF2B2D8013A2004551D5 /* Swinject */; };
		53F4CF2F2D8013B9004551D5 /* SwinjectAutoregistration in Frameworks */ = {isa = PBXBuildFile; productRef = 53F4CF2E2D8013B9004551D5 /* SwinjectAutoregistration */; };
/* End PBXBuildFile section */

/* Begin PBXContainerItemProxy section */
		530C58C72E41FA2500D1639D /* PBXContainerItemProxy */ = {
			isa = PBXContainerItemProxy;
			containerPortal = 53F4CE672D80004A004551D5 /* Project object */;
			proxyType = 1;
			remoteGlobalIDString = 530C58BE2E41FA2400D1639D;
			remoteInfo = "RepsCountWatchApp Watch App";
		};
/* End PBXContainerItemProxy section */

/* Begin PBXCopyFilesBuildPhase section */
		530C58CD2E41FA2500D1639D /* Embed Watch Content */ = {
			isa = PBXCopyFilesBuildPhase;
			buildActionMask = 2147483647;
			dstPath = "$(CONTENTS_FOLDER_PATH)/Watch";
			dstSubfolderSpec = 16;
			files = (
				530C58C92E41FA2500D1639D /* RepsCountWatchApp.app in Embed Watch Content */,
			);
			name = "Embed Watch Content";
			runOnlyForDeploymentPostprocessing = 0;
		};
		53F4CEBF2D801271004551D5 /* Embed Frameworks */ = {
			isa = PBXCopyFilesBuildPhase;
			buildActionMask = 2147483647;
			dstPath = "";
			dstSubfolderSpec = 10;
			files = (
			);
			name = "Embed Frameworks";
			runOnlyForDeploymentPostprocessing = 0;
		};
/* End PBXCopyFilesBuildPhase section */

/* Begin PBXFileReference section */
		530C58BF2E41FA2400D1639D /* RepsCountWatchApp.app */ = {isa = PBXFileReference; explicitFileType = wrapper.application; includeInIndex = 0; path = RepsCountWatchApp.app; sourceTree = BUILT_PRODUCTS_DIR; };
		5374D5F22E419024002EEB84 /* Foundation.framework */ = {isa = PBXFileReference; lastKnownFileType = wrapper.framework; name = Foundation.framework; path = System/Library/Frameworks/Foundation.framework; sourceTree = SDKROOT; };
		53F4CE6F2D80004A004551D5 /* RepsCount.app */ = {isa = PBXFileReference; explicitFileType = wrapper.application; includeInIndex = 0; path = RepsCount.app; sourceTree = BUILT_PRODUCTS_DIR; };
/* End PBXFileReference section */

/* Begin PBXFileSystemSynchronizedBuildFileExceptionSet section */
		53F4CE9B2D80004C004551D5 /* Exceptions for "RepsCount" folder in "RepsCount" target */ = {
			isa = PBXFileSystemSynchronizedBuildFileExceptionSet;
			membershipExceptions = (
				Info.plist,
			);
			target = 53F4CE6E2D80004A004551D5 /* RepsCount */;
		};
/* End PBXFileSystemSynchronizedBuildFileExceptionSet section */

/* Begin PBXFileSystemSynchronizedRootGroup section */
		530C58C02E41FA2400D1639D /* RepsCountWatchApp */ = {
			isa = PBXFileSystemSynchronizedRootGroup;
			path = RepsCountWatchApp;
			sourceTree = "<group>";
		};
		53F4CE712D80004A004551D5 /* RepsCount */ = {
			isa = PBXFileSystemSynchronizedRootGroup;
			exceptions = (
				53F4CE9B2D80004C004551D5 /* Exceptions for "RepsCount" folder in "RepsCount" target */,
			);
			path = RepsCount;
			sourceTree = "<group>";
		};
		53F4CEB42D801271004551D5 /* UserInterface */ = {
			isa = PBXFileSystemSynchronizedRootGroup;
			path = UserInterface;
			sourceTree = "<group>";
		};
		53F4CEC62D8012A1004551D5 /* Services */ = {
			isa = PBXFileSystemSynchronizedRootGroup;
			path = Services;
			sourceTree = "<group>";
		};
		53F4CED72D8012AA004551D5 /* Core */ = {
			isa = PBXFileSystemSynchronizedRootGroup;
			path = Core;
			sourceTree = "<group>";
		};
		53F4CEE82D8012B6004551D5 /* CoreUserInterface */ = {
			isa = PBXFileSystemSynchronizedRootGroup;
			path = CoreUserInterface;
			sourceTree = "<group>";
		};
		53F4CF0A2D8012C9004551D5 /* Shared */ = {
			isa = PBXFileSystemSynchronizedRootGroup;
			path = Shared;
			sourceTree = "<group>";
		};
/* End PBXFileSystemSynchronizedRootGroup section */

/* Begin PBXFrameworksBuildPhase section */
		530C58BC2E41FA2400D1639D /* Frameworks */ = {
			isa = PBXFrameworksBuildPhase;
			buildActionMask = 2147483647;
			files = (
			);
			runOnlyForDeploymentPostprocessing = 0;
		};
		53F4CE6C2D80004A004551D5 /* Frameworks */ = {
			isa = PBXFrameworksBuildPhase;
			buildActionMask = 2147483647;
			files = (
				53F4CEAB2D8003CF004551D5 /* FirebaseCore in Frameworks */,
				5374D5362E418F75002EEB84 /* FirebaseAnalyticsWithoutAdIdSupport in Frameworks */,
				5374D5382E418F7C002EEB84 /* Flow in Frameworks */,
				53F4CF2C2D8013A2004551D5 /* Swinject in Frameworks */,
				53F4CF2F2D8013B9004551D5 /* SwinjectAutoregistration in Frameworks */,
				53F4CEAD2D8003CF004551D5 /* FirebaseCrashlytics in Frameworks */,
			);
			runOnlyForDeploymentPostprocessing = 0;
		};
/* End PBXFrameworksBuildPhase section */

/* Begin PBXGroup section */
		53F4CE662D80004A004551D5 = {
			isa = PBXGroup;
			children = (
				53F4CE712D80004A004551D5 /* RepsCount */,
				53F4CED72D8012AA004551D5 /* Core */,
				53F4CEE82D8012B6004551D5 /* CoreUserInterface */,
				530C58C02E41FA2400D1639D /* RepsCountWatchApp */,
				53F4CF152D801346004551D5 /* Frameworks */,
				53F4CEC62D8012A1004551D5 /* Services */,
				53F4CF0A2D8012C9004551D5 /* Shared */,
				53F4CEB42D801271004551D5 /* UserInterface */,
				53F4CE702D80004A004551D5 /* Products */,
			);
			sourceTree = "<group>";
		};
		53F4CE702D80004A004551D5 /* Products */ = {
			isa = PBXGroup;
			children = (
				53F4CE6F2D80004A004551D5 /* RepsCount.app */,
				530C58BF2E41FA2400D1639D /* RepsCountWatchApp.app */,
			);
			name = Products;
			sourceTree = "<group>";
		};
		53F4CF152D801346004551D5 /* Frameworks */ = {
			isa = PBXGroup;
			children = (
				5374D5F22E419024002EEB84 /* Foundation.framework */,
			);
			name = Frameworks;
			sourceTree = "<group>";
		};
/* End PBXGroup section */

/* Begin PBXNativeTarget section */
		530C58BE2E41FA2400D1639D /* RepsCountWatchApp */ = {
			isa = PBXNativeTarget;
			buildConfigurationList = 530C58CA2E41FA2500D1639D /* Build configuration list for PBXNativeTarget "RepsCountWatchApp" */;
			buildPhases = (
				530C58BB2E41FA2400D1639D /* Sources */,
				530C58BC2E41FA2400D1639D /* Frameworks */,
				530C58BD2E41FA2400D1639D /* Resources */,
			);
			buildRules = (
			);
			dependencies = (
			);
			fileSystemSynchronizedGroups = (
				530C58C02E41FA2400D1639D /* RepsCountWatchApp */,
			);
			name = RepsCountWatchApp;
			packageProductDependencies = (
			);
			productName = "RepsCountWatchApp Watch App";
			productReference = 530C58BF2E41FA2400D1639D /* RepsCountWatchApp.app */;
			productType = "com.apple.product-type.application";
		};
		53F4CE6E2D80004A004551D5 /* RepsCount */ = {
			isa = PBXNativeTarget;
			buildConfigurationList = 53F4CE9C2D80004C004551D5 /* Build configuration list for PBXNativeTarget "RepsCount" */;
			buildPhases = (
				53F4CE6B2D80004A004551D5 /* Sources */,
				53F4CE6C2D80004A004551D5 /* Frameworks */,
				53F4CE6D2D80004A004551D5 /* Resources */,
				53F4CEBF2D801271004551D5 /* Embed Frameworks */,
				530C58CD2E41FA2500D1639D /* Embed Watch Content */,
			);
			buildRules = (
			);
			dependencies = (
				530C58C82E41FA2500D1639D /* PBXTargetDependency */,
			);
			fileSystemSynchronizedGroups = (
				53F4CE712D80004A004551D5 /* RepsCount */,
				53F4CEB42D801271004551D5 /* UserInterface */,
				53F4CEC62D8012A1004551D5 /* Services */,
				53F4CED72D8012AA004551D5 /* Core */,
				53F4CEE82D8012B6004551D5 /* CoreUserInterface */,
				53F4CF0A2D8012C9004551D5 /* Shared */,
			);
			name = RepsCount;
			packageProductDependencies = (
				53F4CEAA2D8003CF004551D5 /* FirebaseCore */,
				53F4CEAC2D8003CF004551D5 /* FirebaseCrashlytics */,
				53F4CF2B2D8013A2004551D5 /* Swinject */,
				53F4CF2E2D8013B9004551D5 /* SwinjectAutoregistration */,
				5374D5352E418F75002EEB84 /* FirebaseAnalyticsWithoutAdIdSupport */,
				5374D5372E418F7C002EEB84 /* Flow */,
			);
			productName = RepsCount;
			productReference = 53F4CE6F2D80004A004551D5 /* RepsCount.app */;
			productType = "com.apple.product-type.application";
		};
/* End PBXNativeTarget section */

/* Begin PBXProject section */
		53F4CE672D80004A004551D5 /* Project object */ = {
			isa = PBXProject;
			attributes = {
				BuildIndependentTargetsInParallel = 1;
				LastSwiftUpdateCheck = 1640;
				LastUpgradeCheck = 1620;
				TargetAttributes = {
					530C58BE2E41FA2400D1639D = {
						CreatedOnToolsVersion = 16.4;
					};
					53F4CE6E2D80004A004551D5 = {
						CreatedOnToolsVersion = 16.2;
					};
				};
			};
			buildConfigurationList = 53F4CE6A2D80004A004551D5 /* Build configuration list for PBXProject "RepsCount" */;
			developmentRegion = en;
			hasScannedForEncodings = 0;
			knownRegions = (
				en,
				Base,
				ru,
				hr,
				de,
				fr,
				es,
			);
			mainGroup = 53F4CE662D80004A004551D5;
			minimizedProjectReferenceProxies = 1;
			packageReferences = (
				53F4CEA92D8003CF004551D5 /* XCRemoteSwiftPackageReference "firebase-ios-sdk" */,
				53F4CF272D801382004551D5 /* XCRemoteSwiftPackageReference "SwiftUI-Flow" */,
				53F4CF2A2D8013A2004551D5 /* XCRemoteSwiftPackageReference "Swinject" */,
				53F4CF2D2D8013B9004551D5 /* XCRemoteSwiftPackageReference "SwinjectAutoregistration" */,
			);
			preferredProjectObjectVersion = 77;
			productRefGroup = 53F4CE702D80004A004551D5 /* Products */;
			projectDirPath = "";
			projectRoot = "";
			targets = (
				53F4CE6E2D80004A004551D5 /* RepsCount */,
				530C58BE2E41FA2400D1639D /* RepsCountWatchApp */,
			);
		};
/* End PBXProject section */

/* Begin PBXResourcesBuildPhase section */
		530C58BD2E41FA2400D1639D /* Resources */ = {
			isa = PBXResourcesBuildPhase;
			buildActionMask = 2147483647;
			files = (
			);
			runOnlyForDeploymentPostprocessing = 0;
		};
		53F4CE6D2D80004A004551D5 /* Resources */ = {
			isa = PBXResourcesBuildPhase;
			buildActionMask = 2147483647;
			files = (
			);
			runOnlyForDeploymentPostprocessing = 0;
		};
/* End PBXResourcesBuildPhase section */

/* Begin PBXSourcesBuildPhase section */
		530C58BB2E41FA2400D1639D /* Sources */ = {
			isa = PBXSourcesBuildPhase;
			buildActionMask = 2147483647;
			files = (
			);
			runOnlyForDeploymentPostprocessing = 0;
		};
		53F4CE6B2D80004A004551D5 /* Sources */ = {
			isa = PBXSourcesBuildPhase;
			buildActionMask = 2147483647;
			files = (
			);
			runOnlyForDeploymentPostprocessing = 0;
		};
/* End PBXSourcesBuildPhase section */

/* Begin PBXTargetDependency section */
		530C58C82E41FA2500D1639D /* PBXTargetDependency */ = {
			isa = PBXTargetDependency;
			target = 530C58BE2E41FA2400D1639D /* RepsCountWatchApp */;
			targetProxy = 530C58C72E41FA2500D1639D /* PBXContainerItemProxy */;
		};
/* End PBXTargetDependency section */

/* Begin XCBuildConfiguration section */
		530C58CB2E41FA2500D1639D /* Debug */ = {
			isa = XCBuildConfiguration;
			buildSettings = {
				ASSETCATALOG_COMPILER_APPICON_NAME = AppIcon;
				ASSETCATALOG_COMPILER_GLOBAL_ACCENT_COLOR_NAME = AccentColor;
				CODE_SIGN_ENTITLEMENTS = RepsCountWatchApp/RepsCountWatchApp.entitlements;
				CODE_SIGN_STYLE = Automatic;
				CURRENT_PROJECT_VERSION = 1;
				DEVELOPMENT_TEAM = 69S862NXBP;
				ENABLE_PREVIEWS = YES;
				GENERATE_INFOPLIST_FILE = YES;
				INFOPLIST_KEY_CFBundleDisplayName = RepsCount;
				INFOPLIST_KEY_UISupportedInterfaceOrientations = "UIInterfaceOrientationPortrait UIInterfaceOrientationPortraitUpsideDown";
				INFOPLIST_KEY_WKCompanionAppBundleIdentifier = "dor.reps-counter.app";
				LD_RUNPATH_SEARCH_PATHS = (
					"$(inherited)",
					"@executable_path/Frameworks",
				);
				MARKETING_VERSION = 1.0;
				PRODUCT_BUNDLE_IDENTIFIER = "dor.reps-counter.app.watchkitapp";
				PRODUCT_NAME = "$(TARGET_NAME)";
				SDKROOT = watchos;
				SKIP_INSTALL = YES;
				SWIFT_EMIT_LOC_STRINGS = YES;
				SWIFT_VERSION = 5.0;
				TARGETED_DEVICE_FAMILY = 4;
				WATCHOS_DEPLOYMENT_TARGET = 11.5;
			};
			name = Debug;
		};
		530C58CC2E41FA2500D1639D /* Release */ = {
			isa = XCBuildConfiguration;
			buildSettings = {
				ASSETCATALOG_COMPILER_APPICON_NAME = AppIcon;
				ASSETCATALOG_COMPILER_GLOBAL_ACCENT_COLOR_NAME = AccentColor;
				CODE_SIGN_ENTITLEMENTS = RepsCountWatchApp/RepsCountWatchApp.entitlements;
				CODE_SIGN_STYLE = Automatic;
				CURRENT_PROJECT_VERSION = 1;
				DEVELOPMENT_TEAM = 69S862NXBP;
				ENABLE_PREVIEWS = YES;
				GENERATE_INFOPLIST_FILE = YES;
				INFOPLIST_KEY_CFBundleDisplayName = RepsCount;
				INFOPLIST_KEY_UISupportedInterfaceOrientations = "UIInterfaceOrientationPortrait UIInterfaceOrientationPortraitUpsideDown";
				INFOPLIST_KEY_WKCompanionAppBundleIdentifier = "dor.reps-counter.app";
				LD_RUNPATH_SEARCH_PATHS = (
					"$(inherited)",
					"@executable_path/Frameworks",
				);
				MARKETING_VERSION = 1.0;
				PRODUCT_BUNDLE_IDENTIFIER = "dor.reps-counter.app.watchkitapp";
				PRODUCT_NAME = "$(TARGET_NAME)";
				SDKROOT = watchos;
				SKIP_INSTALL = YES;
				SWIFT_EMIT_LOC_STRINGS = YES;
				SWIFT_VERSION = 5.0;
				TARGETED_DEVICE_FAMILY = 4;
				WATCHOS_DEPLOYMENT_TARGET = 11.5;
			};
			name = Release;
		};
		53F4CE9D2D80004C004551D5 /* Debug */ = {
			isa = XCBuildConfiguration;
			buildSettings = {
				ASSETCATALOG_COMPILER_APPICON_NAME = AppIcon;
				ASSETCATALOG_COMPILER_GLOBAL_ACCENT_COLOR_NAME = AccentColor;
				CODE_SIGN_ENTITLEMENTS = RepsCount/RepsCount.entitlements;
				CODE_SIGN_STYLE = Automatic;
				CURRENT_PROJECT_VERSION = 1;
				DEVELOPMENT_ASSET_PATHS = "Services/Persistence/RepsCount.xcdatamodeld/PullUpsCounter.xcdatamodel RepsCount/Resources/Assets.xcassets";
				DEVELOPMENT_TEAM = 69S862NXBP;
				GENERATE_INFOPLIST_FILE = YES;
				INFOPLIST_FILE = RepsCount/Info.plist;
				INFOPLIST_KEY_CFBundleDisplayName = "Reps Counter";
				INFOPLIST_KEY_LSApplicationCategoryType = "public.app-category.healthcare-fitness";
				INFOPLIST_KEY_UIApplicationSupportsIndirectInputEvents = YES;
				INFOPLIST_KEY_UILaunchStoryboardName = LaunchScreen.storyboard;
				INFOPLIST_KEY_UISupportedInterfaceOrientations = UIInterfaceOrientationPortrait;
				INFOPLIST_KEY_UISupportedInterfaceOrientations_iPad = "UIInterfaceOrientationLandscapeLeft UIInterfaceOrientationLandscapeRight UIInterfaceOrientationPortrait UIInterfaceOrientationPortraitUpsideDown";
				IPHONEOS_DEPLOYMENT_TARGET = 17;
				LD_RUNPATH_SEARCH_PATHS = (
					"$(inherited)",
					"@executable_path/Frameworks",
				);
				MARKETING_VERSION = 2.1.2;
				PRODUCT_BUNDLE_IDENTIFIER = "dor.reps-counter.app";
				PRODUCT_NAME = "$(TARGET_NAME)";
				SUPPORTED_PLATFORMS = "iphoneos iphonesimulator";
				SUPPORTS_MACCATALYST = NO;
				SUPPORTS_MAC_DESIGNED_FOR_IPHONE_IPAD = NO;
				SUPPORTS_XR_DESIGNED_FOR_IPHONE_IPAD = NO;
				SWIFT_EMIT_LOC_STRINGS = YES;
				SWIFT_VERSION = 5.0;
				TARGETED_DEVICE_FAMILY = 1;
			};
			name = Debug;
		};
		53F4CE9E2D80004C004551D5 /* Release */ = {
			isa = XCBuildConfiguration;
			buildSettings = {
				ASSETCATALOG_COMPILER_APPICON_NAME = AppIcon;
				ASSETCATALOG_COMPILER_GLOBAL_ACCENT_COLOR_NAME = AccentColor;
				CODE_SIGN_ENTITLEMENTS = RepsCount/RepsCount.entitlements;
				CODE_SIGN_STYLE = Automatic;
				CURRENT_PROJECT_VERSION = 1;
				DEVELOPMENT_ASSET_PATHS = "Services/Persistence/RepsCount.xcdatamodeld/PullUpsCounter.xcdatamodel RepsCount/Resources/Assets.xcassets";
				DEVELOPMENT_TEAM = 69S862NXBP;
				GENERATE_INFOPLIST_FILE = YES;
				INFOPLIST_FILE = RepsCount/Info.plist;
				INFOPLIST_KEY_CFBundleDisplayName = "Reps Counter";
				INFOPLIST_KEY_LSApplicationCategoryType = "public.app-category.healthcare-fitness";
				INFOPLIST_KEY_UIApplicationSupportsIndirectInputEvents = YES;
				INFOPLIST_KEY_UILaunchStoryboardName = LaunchScreen.storyboard;
				INFOPLIST_KEY_UISupportedInterfaceOrientations = UIInterfaceOrientationPortrait;
				INFOPLIST_KEY_UISupportedInterfaceOrientations_iPad = "UIInterfaceOrientationLandscapeLeft UIInterfaceOrientationLandscapeRight UIInterfaceOrientationPortrait UIInterfaceOrientationPortraitUpsideDown";
				IPHONEOS_DEPLOYMENT_TARGET = 17;
				LD_RUNPATH_SEARCH_PATHS = (
					"$(inherited)",
					"@executable_path/Frameworks",
				);
				MARKETING_VERSION = 2.1.2;
				PRODUCT_BUNDLE_IDENTIFIER = "dor.reps-counter.app";
				PRODUCT_NAME = "$(TARGET_NAME)";
				SUPPORTED_PLATFORMS = "iphoneos iphonesimulator";
				SUPPORTS_MACCATALYST = NO;
				SUPPORTS_MAC_DESIGNED_FOR_IPHONE_IPAD = NO;
				SUPPORTS_XR_DESIGNED_FOR_IPHONE_IPAD = NO;
				SWIFT_EMIT_LOC_STRINGS = YES;
				SWIFT_VERSION = 5.0;
				TARGETED_DEVICE_FAMILY = 1;
			};
			name = Release;
		};
		53F4CE9F2D80004C004551D5 /* Debug */ = {
			isa = XCBuildConfiguration;
			buildSettings = {
				ALWAYS_SEARCH_USER_PATHS = NO;
				ASSETCATALOG_COMPILER_GENERATE_SWIFT_ASSET_SYMBOL_EXTENSIONS = YES;
				CLANG_ANALYZER_LOCALIZABILITY_NONLOCALIZED = YES;
				CLANG_ANALYZER_NONNULL = YES;
				CLANG_ANALYZER_NUMBER_OBJECT_CONVERSION = YES_AGGRESSIVE;
				CLANG_CXX_LANGUAGE_STANDARD = "gnu++20";
				CLANG_ENABLE_MODULES = YES;
				CLANG_ENABLE_OBJC_ARC = YES;
				CLANG_ENABLE_OBJC_WEAK = YES;
				CLANG_WARN_BLOCK_CAPTURE_AUTORELEASING = YES;
				CLANG_WARN_BOOL_CONVERSION = YES;
				CLANG_WARN_COMMA = YES;
				CLANG_WARN_CONSTANT_CONVERSION = YES;
				CLANG_WARN_DEPRECATED_OBJC_IMPLEMENTATIONS = YES;
				CLANG_WARN_DIRECT_OBJC_ISA_USAGE = YES_ERROR;
				CLANG_WARN_DOCUMENTATION_COMMENTS = YES;
				CLANG_WARN_EMPTY_BODY = YES;
				CLANG_WARN_ENUM_CONVERSION = YES;
				CLANG_WARN_INFINITE_RECURSION = YES;
				CLANG_WARN_INT_CONVERSION = YES;
				CLANG_WARN_NON_LITERAL_NULL_CONVERSION = YES;
				CLANG_WARN_OBJC_IMPLICIT_RETAIN_SELF = YES;
				CLANG_WARN_OBJC_LITERAL_CONVERSION = YES;
				CLANG_WARN_OBJC_ROOT_CLASS = YES_ERROR;
				CLANG_WARN_QUOTED_INCLUDE_IN_FRAMEWORK_HEADER = YES;
				CLANG_WARN_RANGE_LOOP_ANALYSIS = YES;
				CLANG_WARN_STRICT_PROTOTYPES = YES;
				CLANG_WARN_SUSPICIOUS_MOVE = YES;
				CLANG_WARN_UNGUARDED_AVAILABILITY = YES_AGGRESSIVE;
				CLANG_WARN_UNREACHABLE_CODE = YES;
				CLANG_WARN__DUPLICATE_METHOD_MATCH = YES;
				COPY_PHASE_STRIP = NO;
				DEBUG_INFORMATION_FORMAT = dwarf;
				ENABLE_STRICT_OBJC_MSGSEND = YES;
				ENABLE_TESTABILITY = YES;
				ENABLE_USER_SCRIPT_SANDBOXING = YES;
				GCC_C_LANGUAGE_STANDARD = gnu17;
				GCC_DYNAMIC_NO_PIC = NO;
				GCC_NO_COMMON_BLOCKS = YES;
				GCC_OPTIMIZATION_LEVEL = 0;
				GCC_PREPROCESSOR_DEFINITIONS = (
					"DEBUG=1",
					"$(inherited)",
				);
				GCC_WARN_64_TO_32_BIT_CONVERSION = YES;
				GCC_WARN_ABOUT_RETURN_TYPE = YES_ERROR;
				GCC_WARN_UNDECLARED_SELECTOR = YES;
				GCC_WARN_UNINITIALIZED_AUTOS = YES_AGGRESSIVE;
				GCC_WARN_UNUSED_FUNCTION = YES;
				GCC_WARN_UNUSED_VARIABLE = YES;
				IPHONEOS_DEPLOYMENT_TARGET = 17.6;
				LOCALIZATION_PREFERS_STRING_CATALOGS = YES;
				MTL_ENABLE_DEBUG_INFO = INCLUDE_SOURCE;
				MTL_FAST_MATH = YES;
				ONLY_ACTIVE_ARCH = YES;
				SDKROOT = iphoneos;
				SWIFT_ACTIVE_COMPILATION_CONDITIONS = "DEBUG $(inherited)";
				SWIFT_EMIT_LOC_STRINGS = YES;
				SWIFT_OPTIMIZATION_LEVEL = "-Onone";
			};
			name = Debug;
		};
		53F4CEA02D80004C004551D5 /* Release */ = {
			isa = XCBuildConfiguration;
			buildSettings = {
				ALWAYS_SEARCH_USER_PATHS = NO;
				ASSETCATALOG_COMPILER_GENERATE_SWIFT_ASSET_SYMBOL_EXTENSIONS = YES;
				CLANG_ANALYZER_LOCALIZABILITY_NONLOCALIZED = YES;
				CLANG_ANALYZER_NONNULL = YES;
				CLANG_ANALYZER_NUMBER_OBJECT_CONVERSION = YES_AGGRESSIVE;
				CLANG_CXX_LANGUAGE_STANDARD = "gnu++20";
				CLANG_ENABLE_MODULES = YES;
				CLANG_ENABLE_OBJC_ARC = YES;
				CLANG_ENABLE_OBJC_WEAK = YES;
				CLANG_WARN_BLOCK_CAPTURE_AUTORELEASING = YES;
				CLANG_WARN_BOOL_CONVERSION = YES;
				CLANG_WARN_COMMA = YES;
				CLANG_WARN_CONSTANT_CONVERSION = YES;
				CLANG_WARN_DEPRECATED_OBJC_IMPLEMENTATIONS = YES;
				CLANG_WARN_DIRECT_OBJC_ISA_USAGE = YES_ERROR;
				CLANG_WARN_DOCUMENTATION_COMMENTS = YES;
				CLANG_WARN_EMPTY_BODY = YES;
				CLANG_WARN_ENUM_CONVERSION = YES;
				CLANG_WARN_INFINITE_RECURSION = YES;
				CLANG_WARN_INT_CONVERSION = YES;
				CLANG_WARN_NON_LITERAL_NULL_CONVERSION = YES;
				CLANG_WARN_OBJC_IMPLICIT_RETAIN_SELF = YES;
				CLANG_WARN_OBJC_LITERAL_CONVERSION = YES;
				CLANG_WARN_OBJC_ROOT_CLASS = YES_ERROR;
				CLANG_WARN_QUOTED_INCLUDE_IN_FRAMEWORK_HEADER = YES;
				CLANG_WARN_RANGE_LOOP_ANALYSIS = YES;
				CLANG_WARN_STRICT_PROTOTYPES = YES;
				CLANG_WARN_SUSPICIOUS_MOVE = YES;
				CLANG_WARN_UNGUARDED_AVAILABILITY = YES_AGGRESSIVE;
				CLANG_WARN_UNREACHABLE_CODE = YES;
				CLANG_WARN__DUPLICATE_METHOD_MATCH = YES;
				COPY_PHASE_STRIP = NO;
				DEBUG_INFORMATION_FORMAT = "dwarf-with-dsym";
				ENABLE_NS_ASSERTIONS = NO;
				ENABLE_STRICT_OBJC_MSGSEND = YES;
				ENABLE_USER_SCRIPT_SANDBOXING = YES;
				GCC_C_LANGUAGE_STANDARD = gnu17;
				GCC_NO_COMMON_BLOCKS = YES;
				GCC_WARN_64_TO_32_BIT_CONVERSION = YES;
				GCC_WARN_ABOUT_RETURN_TYPE = YES_ERROR;
				GCC_WARN_UNDECLARED_SELECTOR = YES;
				GCC_WARN_UNINITIALIZED_AUTOS = YES_AGGRESSIVE;
				GCC_WARN_UNUSED_FUNCTION = YES;
				GCC_WARN_UNUSED_VARIABLE = YES;
				IPHONEOS_DEPLOYMENT_TARGET = 17.6;
				LOCALIZATION_PREFERS_STRING_CATALOGS = YES;
				MTL_ENABLE_DEBUG_INFO = NO;
				MTL_FAST_MATH = YES;
				SDKROOT = iphoneos;
				SWIFT_COMPILATION_MODE = wholemodule;
				SWIFT_EMIT_LOC_STRINGS = YES;
				VALIDATE_PRODUCT = YES;
			};
			name = Release;
		};
/* End XCBuildConfiguration section */

/* Begin XCConfigurationList section */
		530C58CA2E41FA2500D1639D /* Build configuration list for PBXNativeTarget "RepsCountWatchApp" */ = {
			isa = XCConfigurationList;
			buildConfigurations = (
				530C58CB2E41FA2500D1639D /* Debug */,
				530C58CC2E41FA2500D1639D /* Release */,
			);
			defaultConfigurationIsVisible = 0;
			defaultConfigurationName = Release;
		};
		53F4CE6A2D80004A004551D5 /* Build configuration list for PBXProject "RepsCount" */ = {
			isa = XCConfigurationList;
			buildConfigurations = (
				53F4CE9F2D80004C004551D5 /* Debug */,
				53F4CEA02D80004C004551D5 /* Release */,
			);
			defaultConfigurationIsVisible = 0;
			defaultConfigurationName = Release;
		};
		53F4CE9C2D80004C004551D5 /* Build configuration list for PBXNativeTarget "RepsCount" */ = {
			isa = XCConfigurationList;
			buildConfigurations = (
				53F4CE9D2D80004C004551D5 /* Debug */,
				53F4CE9E2D80004C004551D5 /* Release */,
			);
			defaultConfigurationIsVisible = 0;
			defaultConfigurationName = Release;
		};
/* End XCConfigurationList section */

/* Begin XCRemoteSwiftPackageReference section */
		53F4CEA92D8003CF004551D5 /* XCRemoteSwiftPackageReference "firebase-ios-sdk" */ = {
			isa = XCRemoteSwiftPackageReference;
			repositoryURL = "https://github.com/firebase/firebase-ios-sdk";
			requirement = {
				kind = upToNextMajorVersion;
				minimumVersion = 11.9.0;
			};
		};
		53F4CF272D801382004551D5 /* XCRemoteSwiftPackageReference "SwiftUI-Flow" */ = {
			isa = XCRemoteSwiftPackageReference;
			repositoryURL = "https://github.com/tevelee/SwiftUI-Flow";
			requirement = {
				kind = upToNextMajorVersion;
				minimumVersion = 3.0.1;
			};
		};
		53F4CF2A2D8013A2004551D5 /* XCRemoteSwiftPackageReference "Swinject" */ = {
			isa = XCRemoteSwiftPackageReference;
			repositoryURL = "https://github.com/Swinject/Swinject";
			requirement = {
				kind = upToNextMajorVersion;
				minimumVersion = 2.9.1;
			};
		};
		53F4CF2D2D8013B9004551D5 /* XCRemoteSwiftPackageReference "SwinjectAutoregistration" */ = {
			isa = XCRemoteSwiftPackageReference;
			repositoryURL = "https://github.com/Swinject/SwinjectAutoregistration";
			requirement = {
				kind = upToNextMajorVersion;
				minimumVersion = 2.9.1;
			};
		};
/* End XCRemoteSwiftPackageReference section */

/* Begin XCSwiftPackageProductDependency section */
		5374D5352E418F75002EEB84 /* FirebaseAnalyticsWithoutAdIdSupport */ = {
			isa = XCSwiftPackageProductDependency;
			package = 53F4CEA92D8003CF004551D5 /* XCRemoteSwiftPackageReference "firebase-ios-sdk" */;
			productName = FirebaseAnalyticsWithoutAdIdSupport;
		};
		5374D5372E418F7C002EEB84 /* Flow */ = {
			isa = XCSwiftPackageProductDependency;
			package = 53F4CF272D801382004551D5 /* XCRemoteSwiftPackageReference "SwiftUI-Flow" */;
			productName = Flow;
		};
		53F4CEAA2D8003CF004551D5 /* FirebaseCore */ = {
			isa = XCSwiftPackageProductDependency;
			package = 53F4CEA92D8003CF004551D5 /* XCRemoteSwiftPackageReference "firebase-ios-sdk" */;
			productName = FirebaseCore;
		};
		53F4CEAC2D8003CF004551D5 /* FirebaseCrashlytics */ = {
			isa = XCSwiftPackageProductDependency;
			package = 53F4CEA92D8003CF004551D5 /* XCRemoteSwiftPackageReference "firebase-ios-sdk" */;
			productName = FirebaseCrashlytics;
		};
		53F4CF2B2D8013A2004551D5 /* Swinject */ = {
			isa = XCSwiftPackageProductDependency;
			package = 53F4CF2A2D8013A2004551D5 /* XCRemoteSwiftPackageReference "Swinject" */;
			productName = Swinject;
		};
		53F4CF2E2D8013B9004551D5 /* SwinjectAutoregistration */ = {
			isa = XCSwiftPackageProductDependency;
			package = 53F4CF2D2D8013B9004551D5 /* XCRemoteSwiftPackageReference "SwinjectAutoregistration" */;
			productName = SwinjectAutoregistration;
		};
/* End XCSwiftPackageProductDependency section */
	};
	rootObject = 53F4CE672D80004A004551D5 /* Project object */;
}
